// !$*UTF8*$!
{
	archiveVersion = 1;
	classes = {
	};
	objectVersion = 56;
	objects = {

/* Begin PBXBuildFile section */
		DC07695B2C6C77D30025F939 /* AppDelegate.swift in Sources */ = {isa = PBXBuildFile; fileRef = DC07695A2C6C77D30025F939 /* AppDelegate.swift */; };
		DC07695D2C6C77D30025F939 /* SceneDelegate.swift in Sources */ = {isa = PBXBuildFile; fileRef = DC07695C2C6C77D30025F939 /* SceneDelegate.swift */; };
		DC07695F2C6C77D30025F939 /* ViewController.swift in Sources */ = {isa = PBXBuildFile; fileRef = DC07695E2C6C77D30025F939 /* ViewController.swift */; };
		DC0769622C6C77D30025F939 /* Main.storyboard in Resources */ = {isa = PBXBuildFile; fileRef = DC0769602C6C77D30025F939 /* Main.storyboard */; };
		DC0769642C6C77D50025F939 /* Assets.xcassets in Resources */ = {isa = PBXBuildFile; fileRef = DC0769632C6C77D50025F939 /* Assets.xcassets */; };
		DC0769672C6C77D50025F939 /* LaunchScreen.storyboard in Resources */ = {isa = PBXBuildFile; fileRef = DC0769652C6C77D50025F939 /* LaunchScreen.storyboard */; };
		DC0769742C6C78D10025F939 /* BaseViewController.swift in Sources */ = {isa = PBXBuildFile; fileRef = DC0769732C6C78D10025F939 /* BaseViewController.swift */; };
		DC0769762C6C79280025F939 /* BaseTableViewCell.swift in Sources */ = {isa = PBXBuildFile; fileRef = DC0769752C6C79280025F939 /* BaseTableViewCell.swift */; };
		DC0769782C6C79AC0025F939 /* BaseCollectionViewCell.swift in Sources */ = {isa = PBXBuildFile; fileRef = DC0769772C6C79AC0025F939 /* BaseCollectionViewCell.swift */; };
/* End PBXBuildFile section */

/* Begin PBXFileReference section */
		DC0769572C6C77D30025F939 /* Here_come.app */ = {isa = PBXFileReference; explicitFileType = wrapper.application; includeInIndex = 0; path = Here_come.app; sourceTree = BUILT_PRODUCTS_DIR; };
		DC07695A2C6C77D30025F939 /* AppDelegate.swift */ = {isa = PBXFileReference; lastKnownFileType = sourcecode.swift; path = AppDelegate.swift; sourceTree = "<group>"; };
		DC07695C2C6C77D30025F939 /* SceneDelegate.swift */ = {isa = PBXFileReference; lastKnownFileType = sourcecode.swift; path = SceneDelegate.swift; sourceTree = "<group>"; };
		DC07695E2C6C77D30025F939 /* ViewController.swift */ = {isa = PBXFileReference; lastKnownFileType = sourcecode.swift; path = ViewController.swift; sourceTree = "<group>"; };
		DC0769612C6C77D30025F939 /* Base */ = {isa = PBXFileReference; lastKnownFileType = file.storyboard; name = Base; path = Base.lproj/Main.storyboard; sourceTree = "<group>"; };
		DC0769632C6C77D50025F939 /* Assets.xcassets */ = {isa = PBXFileReference; lastKnownFileType = folder.assetcatalog; path = Assets.xcassets; sourceTree = "<group>"; };
		DC0769662C6C77D50025F939 /* Base */ = {isa = PBXFileReference; lastKnownFileType = file.storyboard; name = Base; path = Base.lproj/LaunchScreen.storyboard; sourceTree = "<group>"; };
		DC0769682C6C77D50025F939 /* Info.plist */ = {isa = PBXFileReference; lastKnownFileType = text.plist.xml; path = Info.plist; sourceTree = "<group>"; };
		DC0769732C6C78D10025F939 /* BaseViewController.swift */ = {isa = PBXFileReference; lastKnownFileType = sourcecode.swift; path = BaseViewController.swift; sourceTree = "<group>"; };
		DC0769752C6C79280025F939 /* BaseTableViewCell.swift */ = {isa = PBXFileReference; lastKnownFileType = sourcecode.swift; path = BaseTableViewCell.swift; sourceTree = "<group>"; };
		DC0769772C6C79AC0025F939 /* BaseCollectionViewCell.swift */ = {isa = PBXFileReference; lastKnownFileType = sourcecode.swift; path = BaseCollectionViewCell.swift; sourceTree = "<group>"; };
/* End PBXFileReference section */

/* Begin PBXFrameworksBuildPhase section */
		DC0769542C6C77D30025F939 /* Frameworks */ = {
			isa = PBXFrameworksBuildPhase;
			buildActionMask = 2147483647;
			files = (
			);
			runOnlyForDeploymentPostprocessing = 0;
		};
/* End PBXFrameworksBuildPhase section */

/* Begin PBXGroup section */
		DC07694E2C6C77D30025F939 = {
			isa = PBXGroup;
			children = (
				DC0769592C6C77D30025F939 /* Here_come */,
				DC0769582C6C77D30025F939 /* Products */,
			);
			sourceTree = "<group>";
		};
		DC0769582C6C77D30025F939 /* Products */ = {
			isa = PBXGroup;
			children = (
				DC0769572C6C77D30025F939 /* Here_come.app */,
			);
			name = Products;
			sourceTree = "<group>";
		};
		DC0769592C6C77D30025F939 /* Here_come */ = {
			isa = PBXGroup;
			children = (
				DC07695A2C6C77D30025F939 /* AppDelegate.swift */,
				DC07695C2C6C77D30025F939 /* SceneDelegate.swift */,
				DC07695E2C6C77D30025F939 /* ViewController.swift */,
				DC0769602C6C77D30025F939 /* Main.storyboard */,
				DC0769632C6C77D50025F939 /* Assets.xcassets */,
				DC0769652C6C77D50025F939 /* LaunchScreen.storyboard */,
				DC0769682C6C77D50025F939 /* Info.plist */,
				DC0769722C6C788E0025F939 /* Extension */,
				DC0769712C6C78810025F939 /* Singleton */,
				DC0769702C6C78790025F939 /* Database */,
				DC07696F2C6C786E0025F939 /* Network */,
				DC07696E2C6C78210025F939 /* Base */,
			);
			path = Here_come;
			sourceTree = "<group>";
		};
		DC07696E2C6C78210025F939 /* Base */ = {
			isa = PBXGroup;
			children = (
				DC0769732C6C78D10025F939 /* BaseViewController.swift */,
				DC0769752C6C79280025F939 /* BaseTableViewCell.swift */,
				DC0769772C6C79AC0025F939 /* BaseCollectionViewCell.swift */,
			);
			path = Base;
			sourceTree = "<group>";
		};
		DC07696F2C6C786E0025F939 /* Network */ = {
			isa = PBXGroup;
			children = (
			);
			path = Network;
			sourceTree = "<group>";
		};
		DC0769702C6C78790025F939 /* Database */ = {
			isa = PBXGroup;
			children = (
			);
			path = Database;
			sourceTree = "<group>";
		};
		DC0769712C6C78810025F939 /* Singleton */ = {
			isa = PBXGroup;
			children = (
			);
			path = Singleton;
			sourceTree = "<group>";
		};
		DC0769722C6C788E0025F939 /* Extension */ = {
			isa = PBXGroup;
			children = (
			);
			path = Extension;
			sourceTree = "<group>";
		};
/* End PBXGroup section */

/* Begin PBXNativeTarget section */
		DC0769562C6C77D30025F939 /* Here_come */ = {
			isa = PBXNativeTarget;
			buildConfigurationList = DC07696B2C6C77D50025F939 /* Build configuration list for PBXNativeTarget "Here_come" */;
			buildPhases = (
				DC0769532C6C77D30025F939 /* Sources */,
				DC0769542C6C77D30025F939 /* Frameworks */,
				DC0769552C6C77D30025F939 /* Resources */,
			);
			buildRules = (
			);
			dependencies = (
			);
			name = Here_come;
			productName = Here_come;
			productReference = DC0769572C6C77D30025F939 /* Here_come.app */;
			productType = "com.apple.product-type.application";
		};
/* End PBXNativeTarget section */

/* Begin PBXProject section */
		DC07694F2C6C77D30025F939 /* Project object */ = {
			isa = PBXProject;
			attributes = {
				BuildIndependentTargetsInParallel = 1;
				LastSwiftUpdateCheck = 1500;
				LastUpgradeCheck = 1500;
				TargetAttributes = {
					DC0769562C6C77D30025F939 = {
						CreatedOnToolsVersion = 15.0.1;
					};
				};
			};
			buildConfigurationList = DC0769522C6C77D30025F939 /* Build configuration list for PBXProject "Here_come" */;
			compatibilityVersion = "Xcode 14.0";
			developmentRegion = en;
			hasScannedForEncodings = 0;
			knownRegions = (
				en,
				Base,
			);
			mainGroup = DC07694E2C6C77D30025F939;
			productRefGroup = DC0769582C6C77D30025F939 /* Products */;
			projectDirPath = "";
			projectRoot = "";
			targets = (
				DC0769562C6C77D30025F939 /* Here_come */,
			);
		};
/* End PBXProject section */

/* Begin PBXResourcesBuildPhase section */
		DC0769552C6C77D30025F939 /* Resources */ = {
			isa = PBXResourcesBuildPhase;
			buildActionMask = 2147483647;
			files = (
				DC0769672C6C77D50025F939 /* LaunchScreen.storyboard in Resources */,
				DC0769642C6C77D50025F939 /* Assets.xcassets in Resources */,
				DC0769622C6C77D30025F939 /* Main.storyboard in Resources */,
			);
			runOnlyForDeploymentPostprocessing = 0;
		};
/* End PBXResourcesBuildPhase section */

/* Begin PBXSourcesBuildPhase section */
		DC0769532C6C77D30025F939 /* Sources */ = {
			isa = PBXSourcesBuildPhase;
			buildActionMask = 2147483647;
			files = (
				DC07695F2C6C77D30025F939 /* ViewController.swift in Sources */,
				DC0769742C6C78D10025F939 /* BaseViewController.swift in Sources */,
				DC07695B2C6C77D30025F939 /* AppDelegate.swift in Sources */,
				DC0769762C6C79280025F939 /* BaseTableViewCell.swift in Sources */,
				DC07695D2C6C77D30025F939 /* SceneDelegate.swift in Sources */,
				DC0769782C6C79AC0025F939 /* BaseCollectionViewCell.swift in Sources */,
			);
			runOnlyForDeploymentPostprocessing = 0;
		};
/* End PBXSourcesBuildPhase section */

/* Begin PBXVariantGroup section */
		DC0769602C6C77D30025F939 /* Main.storyboard */ = {
			isa = PBXVariantGroup;
			children = (
				DC0769612C6C77D30025F939 /* Base */,
			);
			name = Main.storyboard;
			sourceTree = "<group>";
		};
		DC0769652C6C77D50025F939 /* LaunchScreen.storyboard */ = {
			isa = PBXVariantGroup;
			children = (
				DC0769662C6C77D50025F939 /* Base */,
			);
			name = LaunchScreen.storyboard;
			sourceTree = "<group>";
		};
/* End PBXVariantGroup section */

/* Begin XCBuildConfiguration section */
		DC0769692C6C77D50025F939 /* Debug */ = {
			isa = XCBuildConfiguration;
			buildSettings = {
				ALWAYS_SEARCH_USER_PATHS = NO;
				ASSETCATALOG_COMPILER_GENERATE_SWIFT_ASSET_SYMBOL_EXTENSIONS = YES;
				CLANG_ANALYZER_NONNULL = YES;
				CLANG_ANALYZER_NUMBER_OBJECT_CONVERSION = YES_AGGRESSIVE;
				CLANG_CXX_LANGUAGE_STANDARD = "gnu++20";
				CLANG_ENABLE_MODULES = YES;
				CLANG_ENABLE_OBJC_ARC = YES;
				CLANG_ENABLE_OBJC_WEAK = YES;
				CLANG_WARN_BLOCK_CAPTURE_AUTORELEASING = YES;
				CLANG_WARN_BOOL_CONVERSION = YES;
				CLANG_WARN_COMMA = YES;
				CLANG_WARN_CONSTANT_CONVERSION = YES;
				CLANG_WARN_DEPRECATED_OBJC_IMPLEMENTATIONS = YES;
				CLANG_WARN_DIRECT_OBJC_ISA_USAGE = YES_ERROR;
				CLANG_WARN_DOCUMENTATION_COMMENTS = YES;
				CLANG_WARN_EMPTY_BODY = YES;
				CLANG_WARN_ENUM_CONVERSION = YES;
				CLANG_WARN_INFINITE_RECURSION = YES;
				CLANG_WARN_INT_CONVERSION = YES;
				CLANG_WARN_NON_LITERAL_NULL_CONVERSION = YES;
				CLANG_WARN_OBJC_IMPLICIT_RETAIN_SELF = YES;
				CLANG_WARN_OBJC_LITERAL_CONVERSION = YES;
				CLANG_WARN_OBJC_ROOT_CLASS = YES_ERROR;
				CLANG_WARN_QUOTED_INCLUDE_IN_FRAMEWORK_HEADER = YES;
				CLANG_WARN_RANGE_LOOP_ANALYSIS = YES;
				CLANG_WARN_STRICT_PROTOTYPES = YES;
				CLANG_WARN_SUSPICIOUS_MOVE = YES;
				CLANG_WARN_UNGUARDED_AVAILABILITY = YES_AGGRESSIVE;
				CLANG_WARN_UNREACHABLE_CODE = YES;
				CLANG_WARN__DUPLICATE_METHOD_MATCH = YES;
				COPY_PHASE_STRIP = NO;
				DEBUG_INFORMATION_FORMAT = dwarf;
				ENABLE_STRICT_OBJC_MSGSEND = YES;
				ENABLE_TESTABILITY = YES;
				ENABLE_USER_SCRIPT_SANDBOXING = YES;
				GCC_C_LANGUAGE_STANDARD = gnu17;
				GCC_DYNAMIC_NO_PIC = NO;
				GCC_NO_COMMON_BLOCKS = YES;
				GCC_OPTIMIZATION_LEVEL = 0;
				GCC_PREPROCESSOR_DEFINITIONS = (
					"DEBUG=1",
					"$(inherited)",
				);
				GCC_WARN_64_TO_32_BIT_CONVERSION = YES;
				GCC_WARN_ABOUT_RETURN_TYPE = YES_ERROR;
				GCC_WARN_UNDECLARED_SELECTOR = YES;
				GCC_WARN_UNINITIALIZED_AUTOS = YES_AGGRESSIVE;
				GCC_WARN_UNUSED_FUNCTION = YES;
				GCC_WARN_UNUSED_VARIABLE = YES;
				IPHONEOS_DEPLOYMENT_TARGET = 17.0;
				LOCALIZATION_PREFERS_STRING_CATALOGS = YES;
				MTL_ENABLE_DEBUG_INFO = INCLUDE_SOURCE;
				MTL_FAST_MATH = YES;
				ONLY_ACTIVE_ARCH = YES;
				SDKROOT = iphoneos;
				SWIFT_ACTIVE_COMPILATION_CONDITIONS = "DEBUG $(inherited)";
				SWIFT_OPTIMIZATION_LEVEL = "-Onone";
			};
			name = Debug;
		};
		DC07696A2C6C77D50025F939 /* Release */ = {
			isa = XCBuildConfiguration;
			buildSettings = {
				ALWAYS_SEARCH_USER_PATHS = NO;
				ASSETCATALOG_COMPILER_GENERATE_SWIFT_ASSET_SYMBOL_EXTENSIONS = YES;
				CLANG_ANALYZER_NONNULL = YES;
				CLANG_ANALYZER_NUMBER_OBJECT_CONVERSION = YES_AGGRESSIVE;
				CLANG_CXX_LANGUAGE_STANDARD = "gnu++20";
				CLANG_ENABLE_MODULES = YES;
				CLANG_ENABLE_OBJC_ARC = YES;
				CLANG_ENABLE_OBJC_WEAK = YES;
				CLANG_WARN_BLOCK_CAPTURE_AUTORELEASING = YES;
				CLANG_WARN_BOOL_CONVERSION = YES;
				CLANG_WARN_COMMA = YES;
				CLANG_WARN_CONSTANT_CONVERSION = YES;
				CLANG_WARN_DEPRECATED_OBJC_IMPLEMENTATIONS = YES;
				CLANG_WARN_DIRECT_OBJC_ISA_USAGE = YES_ERROR;
				CLANG_WARN_DOCUMENTATION_COMMENTS = YES;
				CLANG_WARN_EMPTY_BODY = YES;
				CLANG_WARN_ENUM_CONVERSION = YES;
				CLANG_WARN_INFINITE_RECURSION = YES;
				CLANG_WARN_INT_CONVERSION = YES;
				CLANG_WARN_NON_LITERAL_NULL_CONVERSION = YES;
				CLANG_WARN_OBJC_IMPLICIT_RETAIN_SELF = YES;
				CLANG_WARN_OBJC_LITERAL_CONVERSION = YES;
				CLANG_WARN_OBJC_ROOT_CLASS = YES_ERROR;
				CLANG_WARN_QUOTED_INCLUDE_IN_FRAMEWORK_HEADER = YES;
				CLANG_WARN_RANGE_LOOP_ANALYSIS = YES;
				CLANG_WARN_STRICT_PROTOTYPES = YES;
				CLANG_WARN_SUSPICIOUS_MOVE = YES;
				CLANG_WARN_UNGUARDED_AVAILABILITY = YES_AGGRESSIVE;
				CLANG_WARN_UNREACHABLE_CODE = YES;
				CLANG_WARN__DUPLICATE_METHOD_MATCH = YES;
				COPY_PHASE_STRIP = NO;
				DEBUG_INFORMATION_FORMAT = "dwarf-with-dsym";
				ENABLE_NS_ASSERTIONS = NO;
				ENABLE_STRICT_OBJC_MSGSEND = YES;
				ENABLE_USER_SCRIPT_SANDBOXING = YES;
				GCC_C_LANGUAGE_STANDARD = gnu17;
				GCC_NO_COMMON_BLOCKS = YES;
				GCC_WARN_64_TO_32_BIT_CONVERSION = YES;
				GCC_WARN_ABOUT_RETURN_TYPE = YES_ERROR;
				GCC_WARN_UNDECLARED_SELECTOR = YES;
				GCC_WARN_UNINITIALIZED_AUTOS = YES_AGGRESSIVE;
				GCC_WARN_UNUSED_FUNCTION = YES;
				GCC_WARN_UNUSED_VARIABLE = YES;
				IPHONEOS_DEPLOYMENT_TARGET = 17.0;
				LOCALIZATION_PREFERS_STRING_CATALOGS = YES;
				MTL_ENABLE_DEBUG_INFO = NO;
				MTL_FAST_MATH = YES;
				SDKROOT = iphoneos;
				SWIFT_COMPILATION_MODE = wholemodule;
				VALIDATE_PRODUCT = YES;
			};
			name = Release;
		};
		DC07696C2C6C77D50025F939 /* Debug */ = {
			isa = XCBuildConfiguration;
			buildSettings = {
				ASSETCATALOG_COMPILER_APPICON_NAME = AppIcon;
				ASSETCATALOG_COMPILER_GLOBAL_ACCENT_COLOR_NAME = AccentColor;
				CODE_SIGN_STYLE = Automatic;
				CURRENT_PROJECT_VERSION = 1;
				DEVELOPMENT_TEAM = VC8Q8WBRQ3;
				GENERATE_INFOPLIST_FILE = YES;
				INFOPLIST_FILE = Here_come/Info.plist;
				INFOPLIST_KEY_UIApplicationSupportsIndirectInputEvents = YES;
				INFOPLIST_KEY_UILaunchStoryboardName = LaunchScreen;
				INFOPLIST_KEY_UIMainStoryboardFile = Main;
				INFOPLIST_KEY_UISupportedInterfaceOrientations = UIInterfaceOrientationPortrait;
				INFOPLIST_KEY_UISupportedInterfaceOrientations_iPad = UIInterfaceOrientationPortrait;
				IPHONEOS_DEPLOYMENT_TARGET = 16.0;
				LD_RUNPATH_SEARCH_PATHS = (
					"$(inherited)",
					"@executable_path/Frameworks",
				);
				MARKETING_VERSION = 1.0;
				PRODUCT_BUNDLE_IDENTIFIER = "srkimdev.Here-come";
				PRODUCT_NAME = "$(TARGET_NAME)";
				SUPPORTED_PLATFORMS = "iphoneos iphonesimulator";
				SUPPORTS_MACCATALYST = NO;
				SUPPORTS_MAC_DESIGNED_FOR_IPHONE_IPAD = NO;
				SWIFT_EMIT_LOC_STRINGS = YES;
				SWIFT_VERSION = 5.0;
				TARGETED_DEVICE_FAMILY = 1;
			};
			name = Debug;
		};
		DC07696D2C6C77D50025F939 /* Release */ = {
			isa = XCBuildConfiguration;
			buildSettings = {
				ASSETCATALOG_COMPILER_APPICON_NAME = AppIcon;
				ASSETCATALOG_COMPILER_GLOBAL_ACCENT_COLOR_NAME = AccentColor;
				CODE_SIGN_STYLE = Automatic;
				CURRENT_PROJECT_VERSION = 1;
				DEVELOPMENT_TEAM = VC8Q8WBRQ3;
				GENERATE_INFOPLIST_FILE = YES;
				INFOPLIST_FILE = Here_come/Info.plist;
				INFOPLIST_KEY_UIApplicationSupportsIndirectInputEvents = YES;
				INFOPLIST_KEY_UILaunchStoryboardName = LaunchScreen;
				INFOPLIST_KEY_UIMainStoryboardFile = Main;
				INFOPLIST_KEY_UISupportedInterfaceOrientations = UIInterfaceOrientationPortrait;
				INFOPLIST_KEY_UISupportedInterfaceOrientations_iPad = UIInterfaceOrientationPortrait;
				IPHONEOS_DEPLOYMENT_TARGET = 16.0;
				LD_RUNPATH_SEARCH_PATHS = (
					"$(inherited)",
					"@executable_path/Frameworks",
				);
				MARKETING_VERSION = 1.0;
				PRODUCT_BUNDLE_IDENTIFIER = "srkimdev.Here-come";
				PRODUCT_NAME = "$(TARGET_NAME)";
				SUPPORTED_PLATFORMS = "iphoneos iphonesimulator";
				SUPPORTS_MACCATALYST = NO;
				SUPPORTS_MAC_DESIGNED_FOR_IPHONE_IPAD = NO;
				SWIFT_EMIT_LOC_STRINGS = YES;
				SWIFT_VERSION = 5.0;
				TARGETED_DEVICE_FAMILY = 1;
			};
			name = Release;
		};
/* End XCBuildConfiguration section */

/* Begin XCConfigurationList section */
		DC0769522C6C77D30025F939 /* Build configuration list for PBXProject "Here_come" */ = {
			isa = XCConfigurationList;
			buildConfigurations = (
				DC0769692C6C77D50025F939 /* Debug */,
				DC07696A2C6C77D50025F939 /* Release */,
			);
			defaultConfigurationIsVisible = 0;
			defaultConfigurationName = Release;
		};
		DC07696B2C6C77D50025F939 /* Build configuration list for PBXNativeTarget "Here_come" */ = {
			isa = XCConfigurationList;
			buildConfigurations = (
				DC07696C2C6C77D50025F939 /* Debug */,
				DC07696D2C6C77D50025F939 /* Release */,
			);
			defaultConfigurationIsVisible = 0;
			defaultConfigurationName = Release;
		};
/* End XCConfigurationList section */
	};
	rootObject = DC07694F2C6C77D30025F939 /* Project object */;
}
