// !$*UTF8*$!
{
	archiveVersion = 1;
	classes = {
	};
	objectVersion = 56;
	objects = {

/* Begin PBXBuildFile section */
		DC07695B2C6C77D30025F939 /* AppDelegate.swift in Sources */ = {isa = PBXBuildFile; fileRef = DC07695A2C6C77D30025F939 /* AppDelegate.swift */; };
		DC07695D2C6C77D30025F939 /* SceneDelegate.swift in Sources */ = {isa = PBXBuildFile; fileRef = DC07695C2C6C77D30025F939 /* SceneDelegate.swift */; };
		DC07695F2C6C77D30025F939 /* ViewController.swift in Sources */ = {isa = PBXBuildFile; fileRef = DC07695E2C6C77D30025F939 /* ViewController.swift */; };
		DC0769622C6C77D30025F939 /* Main.storyboard in Resources */ = {isa = PBXBuildFile; fileRef = DC0769602C6C77D30025F939 /* Main.storyboard */; };
		DC0769642C6C77D50025F939 /* Assets.xcassets in Resources */ = {isa = PBXBuildFile; fileRef = DC0769632C6C77D50025F939 /* Assets.xcassets */; };
		DC0769672C6C77D50025F939 /* LaunchScreen.storyboard in Resources */ = {isa = PBXBuildFile; fileRef = DC0769652C6C77D50025F939 /* LaunchScreen.storyboard */; };
		DC0769742C6C78D10025F939 /* BaseViewController.swift in Sources */ = {isa = PBXBuildFile; fileRef = DC0769732C6C78D10025F939 /* BaseViewController.swift */; };
		DC0769762C6C79280025F939 /* BaseTableViewCell.swift in Sources */ = {isa = PBXBuildFile; fileRef = DC0769752C6C79280025F939 /* BaseTableViewCell.swift */; };
		DC0769782C6C79AC0025F939 /* BaseCollectionViewCell.swift in Sources */ = {isa = PBXBuildFile; fileRef = DC0769772C6C79AC0025F939 /* BaseCollectionViewCell.swift */; };
		DC07697B2C6C7CAD0025F939 /* LoginViewController.swift in Sources */ = {isa = PBXBuildFile; fileRef = DC07697A2C6C7CAD0025F939 /* LoginViewController.swift */; };
		DC07697E2C6C7E350025F939 /* Alamofire in Frameworks */ = {isa = PBXBuildFile; productRef = DC07697D2C6C7E350025F939 /* Alamofire */; };
		DC0769812C6C7E400025F939 /* Kingfisher in Frameworks */ = {isa = PBXBuildFile; productRef = DC0769802C6C7E400025F939 /* Kingfisher */; };
		DC0769842C6C7E4B0025F939 /* SnapKit in Frameworks */ = {isa = PBXBuildFile; productRef = DC0769832C6C7E4B0025F939 /* SnapKit */; };
		DC0769872C6C7E6C0025F939 /* RxCocoa in Frameworks */ = {isa = PBXBuildFile; productRef = DC0769862C6C7E6C0025F939 /* RxCocoa */; };
		DC0769892C6C7E6C0025F939 /* RxSwift in Frameworks */ = {isa = PBXBuildFile; productRef = DC0769882C6C7E6C0025F939 /* RxSwift */; };
		DC07698B2C6C815E0025F939 /* UITextField+Extension.swift in Sources */ = {isa = PBXBuildFile; fileRef = DC07698A2C6C815E0025F939 /* UITextField+Extension.swift */; };
		DC0769902C6C832C0025F939 /* .gitignore in Resources */ = {isa = PBXBuildFile; fileRef = DC07698F2C6C832C0025F939 /* .gitignore */; };
		DC0769922C6C83650025F939 /* APIKey.swift in Sources */ = {isa = PBXBuildFile; fileRef = DC0769912C6C83650025F939 /* APIKey.swift */; };
		DC0769942C6C84280025F939 /* NetworkManager.swift in Sources */ = {isa = PBXBuildFile; fileRef = DC0769932C6C84280025F939 /* NetworkManager.swift */; };
		DC0769972C6C89F00025F939 /* LoginQuery.swift in Sources */ = {isa = PBXBuildFile; fileRef = DC0769962C6C89F00025F939 /* LoginQuery.swift */; };
		DC07699A2C6C8A580025F939 /* LoginModel.swift in Sources */ = {isa = PBXBuildFile; fileRef = DC0769992C6C8A580025F939 /* LoginModel.swift */; };
		DC07699C2C6C8BA00025F939 /* Router.swift in Sources */ = {isa = PBXBuildFile; fileRef = DC07699B2C6C8BA00025F939 /* Router.swift */; };
		DC07699E2C6C8C4D0025F939 /* TargetType.swift in Sources */ = {isa = PBXBuildFile; fileRef = DC07699D2C6C8C4D0025F939 /* TargetType.swift */; };
		DC0769A02C6C99610025F939 /* Header.swift in Sources */ = {isa = PBXBuildFile; fileRef = DC07699F2C6C99610025F939 /* Header.swift */; };
		DC0769A22C6C9A6E0025F939 /* UserDefaultsManager.swift in Sources */ = {isa = PBXBuildFile; fileRef = DC0769A12C6C9A6E0025F939 /* UserDefaultsManager.swift */; };
		DC0769A42C6C9DB00025F939 /* LoginViewModel.swift in Sources */ = {isa = PBXBuildFile; fileRef = DC0769A32C6C9DB00025F939 /* LoginViewModel.swift */; };
		DC0769A72C6CD1FC0025F939 /* TabBarViewController.swift in Sources */ = {isa = PBXBuildFile; fileRef = DC0769A62C6CD1FC0025F939 /* TabBarViewController.swift */; };
		DC0769AD2C6CD2B60025F939 /* AccomodationViewController.swift in Sources */ = {isa = PBXBuildFile; fileRef = DC0769AC2C6CD2B60025F939 /* AccomodationViewController.swift */; };
		DC0769AF2C6CD3460025F939 /* SociallingViewController.swift in Sources */ = {isa = PBXBuildFile; fileRef = DC0769AE2C6CD3460025F939 /* SociallingViewController.swift */; };
		DC0769B12C6CD3880025F939 /* FreeBoardViewController.swift in Sources */ = {isa = PBXBuildFile; fileRef = DC0769B02C6CD3880025F939 /* FreeBoardViewController.swift */; };
		DC0769B32C6CD3A30025F939 /* ProfileManageViewController.swift in Sources */ = {isa = PBXBuildFile; fileRef = DC0769B22C6CD3A30025F939 /* ProfileManageViewController.swift */; };
		DC0769B52C6CD4800025F939 /* UIViewController+Extension.swift in Sources */ = {isa = PBXBuildFile; fileRef = DC0769B42C6CD4800025F939 /* UIViewController+Extension.swift */; };
		DC0769B72C6CD7720025F939 /* Accomodations.swift in Sources */ = {isa = PBXBuildFile; fileRef = DC0769B62C6CD7720025F939 /* Accomodations.swift */; };
		DC0769C02C6DF6250025F939 /* IQKeyboardManagerSwift in Frameworks */ = {isa = PBXBuildFile; productRef = DC0769BF2C6DF6250025F939 /* IQKeyboardManagerSwift */; };
		DC0769C22C6E10840025F939 /* AccomodationTableViewCell.swift in Sources */ = {isa = PBXBuildFile; fileRef = DC0769C12C6E10840025F939 /* AccomodationTableViewCell.swift */; };
		DC0769C42C6E10D60025F939 /* ReusableProtocol.swift in Sources */ = {isa = PBXBuildFile; fileRef = DC0769C32C6E10D60025F939 /* ReusableProtocol.swift */; };
		DC0769C62C6E13E40025F939 /* AccomodationViewModel.swift in Sources */ = {isa = PBXBuildFile; fileRef = DC0769C52C6E13E40025F939 /* AccomodationViewModel.swift */; };
		DC0769C82C6E5E740025F939 /* ImageCollectionViewCell.swift in Sources */ = {isa = PBXBuildFile; fileRef = DC0769C72C6E5E740025F939 /* ImageCollectionViewCell.swift */; };
		DC0769CA2C6F2E3D0025F939 /* RecentTextCollectionViewCell.swift in Sources */ = {isa = PBXBuildFile; fileRef = DC0769C92C6F2E3D0025F939 /* RecentTextCollectionViewCell.swift */; };
		DC0769CC2C6F43600025F939 /* RecommendCollectionViewCell.swift in Sources */ = {isa = PBXBuildFile; fileRef = DC0769CB2C6F43600025F939 /* RecommendCollectionViewCell.swift */; };
		DC0769CF2C6F4F020025F939 /* SearchViewController.swift in Sources */ = {isa = PBXBuildFile; fileRef = DC0769CE2C6F4F020025F939 /* SearchViewController.swift */; };
		DC0769D12C6F51470025F939 /* SociallingTableViewCell.swift in Sources */ = {isa = PBXBuildFile; fileRef = DC0769D02C6F51470025F939 /* SociallingTableViewCell.swift */; };
		DC0769D52C6F72500025F939 /* SociallingViewModel.swift in Sources */ = {isa = PBXBuildFile; fileRef = DC0769D42C6F72500025F939 /* SociallingViewModel.swift */; };
		DC0769D72C6F73140025F939 /* Party.swift in Sources */ = {isa = PBXBuildFile; fileRef = DC0769D62C6F73140025F939 /* Party.swift */; };
		DC0769D92C709CDF0025F939 /* SociallingCollectionViewCell.swift in Sources */ = {isa = PBXBuildFile; fileRef = DC0769D82C709CDF0025F939 /* SociallingCollectionViewCell.swift */; };
		DC0769DC2C70AE940025F939 /* WriteViewController.swift in Sources */ = {isa = PBXBuildFile; fileRef = DC0769DB2C70AE940025F939 /* WriteViewController.swift */; };
		DC0769DE2C70F6A10025F939 /* WriteViewModel.swift in Sources */ = {isa = PBXBuildFile; fileRef = DC0769DD2C70F6A10025F939 /* WriteViewModel.swift */; };
		DC0769E02C71A8260025F939 /* PhotoCollectionViewCell.swift in Sources */ = {isa = PBXBuildFile; fileRef = DC0769DF2C71A8250025F939 /* PhotoCollectionViewCell.swift */; };
		DC0769E22C71C61B0025F939 /* SettingTableViewCell.swift in Sources */ = {isa = PBXBuildFile; fileRef = DC0769E12C71C61B0025F939 /* SettingTableViewCell.swift */; };
		DC0769E42C71DF730025F939 /* FilesModel.swift in Sources */ = {isa = PBXBuildFile; fileRef = DC0769E32C71DF730025F939 /* FilesModel.swift */; };
		DC1143A72C75D96E00CEB325 /* DetailViewController.swift in Sources */ = {isa = PBXBuildFile; fileRef = DC1143A62C75D96E00CEB325 /* DetailViewController.swift */; };
		DC1143A92C75E24A00CEB325 /* DetailCollectionViewCell.swift in Sources */ = {isa = PBXBuildFile; fileRef = DC1143A82C75E24A00CEB325 /* DetailCollectionViewCell.swift */; };
		DC15FCDC2C730F7E0049FEB5 /* PostModel.swift in Sources */ = {isa = PBXBuildFile; fileRef = DC15FCDB2C730F7E0049FEB5 /* PostModel.swift */; };
		DC15FCDE2C731E3C0049FEB5 /* PostQuery.swift in Sources */ = {isa = PBXBuildFile; fileRef = DC15FCDD2C731E3C0049FEB5 /* PostQuery.swift */; };
		DC15FCE02C7329450049FEB5 /* ReadPostModel.swift in Sources */ = {isa = PBXBuildFile; fileRef = DC15FCDF2C7329450049FEB5 /* ReadPostModel.swift */; };
		DC15FCE82C735B3A0049FEB5 /* KingfisherManager.swift in Sources */ = {isa = PBXBuildFile; fileRef = DC15FCE72C735B3A0049FEB5 /* KingfisherManager.swift */; };
		DC15FCED2C736A3B0049FEB5 /* CategoryViewController.swift in Sources */ = {isa = PBXBuildFile; fileRef = DC15FCEC2C736A3B0049FEB5 /* CategoryViewController.swift */; };
		DC15FCEF2C7371CB0049FEB5 /* CategoryTableViewCell.swift in Sources */ = {isa = PBXBuildFile; fileRef = DC15FCEE2C7371CB0049FEB5 /* CategoryTableViewCell.swift */; };
		DC15FCF12C7371D50049FEB5 /* CategoryCollectionViewCell.swift in Sources */ = {isa = PBXBuildFile; fileRef = DC15FCF02C7371D50049FEB5 /* CategoryCollectionViewCell.swift */; };
		DC2E073F2C7637F9007589E9 /* DetailViewModel.swift in Sources */ = {isa = PBXBuildFile; fileRef = DC2E073E2C7637F9007589E9 /* DetailViewModel.swift */; };
		DC2E07412C763B1D007589E9 /* CommentTableViewCell.swift in Sources */ = {isa = PBXBuildFile; fileRef = DC2E07402C763B1D007589E9 /* CommentTableViewCell.swift */; };
		DC4150CD2C771D1C0008FAB3 /* CommentQuery.swift in Sources */ = {isa = PBXBuildFile; fileRef = DC4150CC2C771D1C0008FAB3 /* CommentQuery.swift */; };
		DC4150CF2C775C360008FAB3 /* CommentModel.swift in Sources */ = {isa = PBXBuildFile; fileRef = DC4150CE2C775C360008FAB3 /* CommentModel.swift */; };
		DC4150D72C786D5A0008FAB3 /* WriteReviewViewController.swift in Sources */ = {isa = PBXBuildFile; fileRef = DC4150D62C786D5A0008FAB3 /* WriteReviewViewController.swift */; };
		DC4150D92C787D670008FAB3 /* WriteReviewCollectionViewCell.swift in Sources */ = {isa = PBXBuildFile; fileRef = DC4150D82C787D670008FAB3 /* WriteReviewCollectionViewCell.swift */; };
		DC4150DB2C787F800008FAB3 /* WriteReviewViewModel.swift in Sources */ = {isa = PBXBuildFile; fileRef = DC4150DA2C787F800008FAB3 /* WriteReviewViewModel.swift */; };
		DC4150DD2C78C56B0008FAB3 /* ProfileModel.swift in Sources */ = {isa = PBXBuildFile; fileRef = DC4150DC2C78C56B0008FAB3 /* ProfileModel.swift */; };
		DC8C21FA2C747E31003FE59B /* CategoryViewModel.swift in Sources */ = {isa = PBXBuildFile; fileRef = DC8C21F92C747E31003FE59B /* CategoryViewModel.swift */; };
/* End PBXBuildFile section */

/* Begin PBXFileReference section */
		DC0769572C6C77D30025F939 /* Here_come.app */ = {isa = PBXFileReference; explicitFileType = wrapper.application; includeInIndex = 0; path = Here_come.app; sourceTree = BUILT_PRODUCTS_DIR; };
		DC07695A2C6C77D30025F939 /* AppDelegate.swift */ = {isa = PBXFileReference; lastKnownFileType = sourcecode.swift; path = AppDelegate.swift; sourceTree = "<group>"; };
		DC07695C2C6C77D30025F939 /* SceneDelegate.swift */ = {isa = PBXFileReference; lastKnownFileType = sourcecode.swift; path = SceneDelegate.swift; sourceTree = "<group>"; };
		DC07695E2C6C77D30025F939 /* ViewController.swift */ = {isa = PBXFileReference; lastKnownFileType = sourcecode.swift; path = ViewController.swift; sourceTree = "<group>"; };
		DC0769612C6C77D30025F939 /* Base */ = {isa = PBXFileReference; lastKnownFileType = file.storyboard; name = Base; path = Base.lproj/Main.storyboard; sourceTree = "<group>"; };
		DC0769632C6C77D50025F939 /* Assets.xcassets */ = {isa = PBXFileReference; lastKnownFileType = folder.assetcatalog; path = Assets.xcassets; sourceTree = "<group>"; };
		DC0769662C6C77D50025F939 /* Base */ = {isa = PBXFileReference; lastKnownFileType = file.storyboard; name = Base; path = Base.lproj/LaunchScreen.storyboard; sourceTree = "<group>"; };
		DC0769682C6C77D50025F939 /* Info.plist */ = {isa = PBXFileReference; lastKnownFileType = text.plist.xml; path = Info.plist; sourceTree = "<group>"; };
		DC0769732C6C78D10025F939 /* BaseViewController.swift */ = {isa = PBXFileReference; lastKnownFileType = sourcecode.swift; path = BaseViewController.swift; sourceTree = "<group>"; };
		DC0769752C6C79280025F939 /* BaseTableViewCell.swift */ = {isa = PBXFileReference; lastKnownFileType = sourcecode.swift; path = BaseTableViewCell.swift; sourceTree = "<group>"; };
		DC0769772C6C79AC0025F939 /* BaseCollectionViewCell.swift */ = {isa = PBXFileReference; lastKnownFileType = sourcecode.swift; path = BaseCollectionViewCell.swift; sourceTree = "<group>"; };
		DC07697A2C6C7CAD0025F939 /* LoginViewController.swift */ = {isa = PBXFileReference; lastKnownFileType = sourcecode.swift; path = LoginViewController.swift; sourceTree = "<group>"; };
		DC07698A2C6C815E0025F939 /* UITextField+Extension.swift */ = {isa = PBXFileReference; lastKnownFileType = sourcecode.swift; path = "UITextField+Extension.swift"; sourceTree = "<group>"; };
		DC07698F2C6C832C0025F939 /* .gitignore */ = {isa = PBXFileReference; lastKnownFileType = text; path = .gitignore; sourceTree = "<group>"; };
		DC0769912C6C83650025F939 /* APIKey.swift */ = {isa = PBXFileReference; lastKnownFileType = sourcecode.swift; path = APIKey.swift; sourceTree = "<group>"; };
		DC0769932C6C84280025F939 /* NetworkManager.swift */ = {isa = PBXFileReference; lastKnownFileType = sourcecode.swift; path = NetworkManager.swift; sourceTree = "<group>"; };
		DC0769962C6C89F00025F939 /* LoginQuery.swift */ = {isa = PBXFileReference; lastKnownFileType = sourcecode.swift; path = LoginQuery.swift; sourceTree = "<group>"; };
		DC0769992C6C8A580025F939 /* LoginModel.swift */ = {isa = PBXFileReference; lastKnownFileType = sourcecode.swift; path = LoginModel.swift; sourceTree = "<group>"; };
		DC07699B2C6C8BA00025F939 /* Router.swift */ = {isa = PBXFileReference; lastKnownFileType = sourcecode.swift; path = Router.swift; sourceTree = "<group>"; };
		DC07699D2C6C8C4D0025F939 /* TargetType.swift */ = {isa = PBXFileReference; lastKnownFileType = sourcecode.swift; path = TargetType.swift; sourceTree = "<group>"; };
		DC07699F2C6C99610025F939 /* Header.swift */ = {isa = PBXFileReference; lastKnownFileType = sourcecode.swift; path = Header.swift; sourceTree = "<group>"; };
		DC0769A12C6C9A6E0025F939 /* UserDefaultsManager.swift */ = {isa = PBXFileReference; lastKnownFileType = sourcecode.swift; path = UserDefaultsManager.swift; sourceTree = "<group>"; };
		DC0769A32C6C9DB00025F939 /* LoginViewModel.swift */ = {isa = PBXFileReference; lastKnownFileType = sourcecode.swift; path = LoginViewModel.swift; sourceTree = "<group>"; };
		DC0769A62C6CD1FC0025F939 /* TabBarViewController.swift */ = {isa = PBXFileReference; lastKnownFileType = sourcecode.swift; path = TabBarViewController.swift; sourceTree = "<group>"; };
		DC0769AC2C6CD2B60025F939 /* AccomodationViewController.swift */ = {isa = PBXFileReference; lastKnownFileType = sourcecode.swift; path = AccomodationViewController.swift; sourceTree = "<group>"; };
		DC0769AE2C6CD3460025F939 /* SociallingViewController.swift */ = {isa = PBXFileReference; lastKnownFileType = sourcecode.swift; path = SociallingViewController.swift; sourceTree = "<group>"; };
		DC0769B02C6CD3880025F939 /* FreeBoardViewController.swift */ = {isa = PBXFileReference; lastKnownFileType = sourcecode.swift; path = FreeBoardViewController.swift; sourceTree = "<group>"; };
		DC0769B22C6CD3A30025F939 /* ProfileManageViewController.swift */ = {isa = PBXFileReference; lastKnownFileType = sourcecode.swift; path = ProfileManageViewController.swift; sourceTree = "<group>"; };
		DC0769B42C6CD4800025F939 /* UIViewController+Extension.swift */ = {isa = PBXFileReference; lastKnownFileType = sourcecode.swift; path = "UIViewController+Extension.swift"; sourceTree = "<group>"; };
		DC0769B62C6CD7720025F939 /* Accomodations.swift */ = {isa = PBXFileReference; lastKnownFileType = sourcecode.swift; path = Accomodations.swift; sourceTree = "<group>"; };
		DC0769C12C6E10840025F939 /* AccomodationTableViewCell.swift */ = {isa = PBXFileReference; lastKnownFileType = sourcecode.swift; path = AccomodationTableViewCell.swift; sourceTree = "<group>"; };
		DC0769C32C6E10D60025F939 /* ReusableProtocol.swift */ = {isa = PBXFileReference; lastKnownFileType = sourcecode.swift; path = ReusableProtocol.swift; sourceTree = "<group>"; };
		DC0769C52C6E13E40025F939 /* AccomodationViewModel.swift */ = {isa = PBXFileReference; lastKnownFileType = sourcecode.swift; path = AccomodationViewModel.swift; sourceTree = "<group>"; };
		DC0769C72C6E5E740025F939 /* ImageCollectionViewCell.swift */ = {isa = PBXFileReference; lastKnownFileType = sourcecode.swift; path = ImageCollectionViewCell.swift; sourceTree = "<group>"; };
		DC0769C92C6F2E3D0025F939 /* RecentTextCollectionViewCell.swift */ = {isa = PBXFileReference; lastKnownFileType = sourcecode.swift; path = RecentTextCollectionViewCell.swift; sourceTree = "<group>"; };
		DC0769CB2C6F43600025F939 /* RecommendCollectionViewCell.swift */ = {isa = PBXFileReference; lastKnownFileType = sourcecode.swift; path = RecommendCollectionViewCell.swift; sourceTree = "<group>"; };
		DC0769CE2C6F4F020025F939 /* SearchViewController.swift */ = {isa = PBXFileReference; lastKnownFileType = sourcecode.swift; path = SearchViewController.swift; sourceTree = "<group>"; };
		DC0769D02C6F51470025F939 /* SociallingTableViewCell.swift */ = {isa = PBXFileReference; lastKnownFileType = sourcecode.swift; path = SociallingTableViewCell.swift; sourceTree = "<group>"; };
		DC0769D42C6F72500025F939 /* SociallingViewModel.swift */ = {isa = PBXFileReference; lastKnownFileType = sourcecode.swift; path = SociallingViewModel.swift; sourceTree = "<group>"; };
		DC0769D62C6F73140025F939 /* Party.swift */ = {isa = PBXFileReference; lastKnownFileType = sourcecode.swift; path = Party.swift; sourceTree = "<group>"; };
		DC0769D82C709CDF0025F939 /* SociallingCollectionViewCell.swift */ = {isa = PBXFileReference; lastKnownFileType = sourcecode.swift; path = SociallingCollectionViewCell.swift; sourceTree = "<group>"; };
		DC0769DB2C70AE940025F939 /* WriteViewController.swift */ = {isa = PBXFileReference; lastKnownFileType = sourcecode.swift; path = WriteViewController.swift; sourceTree = "<group>"; };
		DC0769DD2C70F6A10025F939 /* WriteViewModel.swift */ = {isa = PBXFileReference; lastKnownFileType = sourcecode.swift; path = WriteViewModel.swift; sourceTree = "<group>"; };
		DC0769DF2C71A8250025F939 /* PhotoCollectionViewCell.swift */ = {isa = PBXFileReference; lastKnownFileType = sourcecode.swift; path = PhotoCollectionViewCell.swift; sourceTree = "<group>"; };
		DC0769E12C71C61B0025F939 /* SettingTableViewCell.swift */ = {isa = PBXFileReference; lastKnownFileType = sourcecode.swift; path = SettingTableViewCell.swift; sourceTree = "<group>"; };
		DC0769E32C71DF730025F939 /* FilesModel.swift */ = {isa = PBXFileReference; lastKnownFileType = sourcecode.swift; path = FilesModel.swift; sourceTree = "<group>"; };
		DC1143A62C75D96E00CEB325 /* DetailViewController.swift */ = {isa = PBXFileReference; lastKnownFileType = sourcecode.swift; path = DetailViewController.swift; sourceTree = "<group>"; };
		DC1143A82C75E24A00CEB325 /* DetailCollectionViewCell.swift */ = {isa = PBXFileReference; lastKnownFileType = sourcecode.swift; path = DetailCollectionViewCell.swift; sourceTree = "<group>"; };
		DC15FCDB2C730F7E0049FEB5 /* PostModel.swift */ = {isa = PBXFileReference; lastKnownFileType = sourcecode.swift; path = PostModel.swift; sourceTree = "<group>"; };
		DC15FCDD2C731E3C0049FEB5 /* PostQuery.swift */ = {isa = PBXFileReference; lastKnownFileType = sourcecode.swift; path = PostQuery.swift; sourceTree = "<group>"; };
		DC15FCDF2C7329450049FEB5 /* ReadPostModel.swift */ = {isa = PBXFileReference; lastKnownFileType = sourcecode.swift; path = ReadPostModel.swift; sourceTree = "<group>"; };
		DC15FCE72C735B3A0049FEB5 /* KingfisherManager.swift */ = {isa = PBXFileReference; lastKnownFileType = sourcecode.swift; path = KingfisherManager.swift; sourceTree = "<group>"; };
		DC15FCEC2C736A3B0049FEB5 /* CategoryViewController.swift */ = {isa = PBXFileReference; lastKnownFileType = sourcecode.swift; path = CategoryViewController.swift; sourceTree = "<group>"; };
		DC15FCEE2C7371CB0049FEB5 /* CategoryTableViewCell.swift */ = {isa = PBXFileReference; lastKnownFileType = sourcecode.swift; path = CategoryTableViewCell.swift; sourceTree = "<group>"; };
		DC15FCF02C7371D50049FEB5 /* CategoryCollectionViewCell.swift */ = {isa = PBXFileReference; lastKnownFileType = sourcecode.swift; path = CategoryCollectionViewCell.swift; sourceTree = "<group>"; };
		DC2E073E2C7637F9007589E9 /* DetailViewModel.swift */ = {isa = PBXFileReference; lastKnownFileType = sourcecode.swift; path = DetailViewModel.swift; sourceTree = "<group>"; };
		DC2E07402C763B1D007589E9 /* CommentTableViewCell.swift */ = {isa = PBXFileReference; lastKnownFileType = sourcecode.swift; path = CommentTableViewCell.swift; sourceTree = "<group>"; };
		DC4150CC2C771D1C0008FAB3 /* CommentQuery.swift */ = {isa = PBXFileReference; lastKnownFileType = sourcecode.swift; path = CommentQuery.swift; sourceTree = "<group>"; };
		DC4150CE2C775C360008FAB3 /* CommentModel.swift */ = {isa = PBXFileReference; lastKnownFileType = sourcecode.swift; path = CommentModel.swift; sourceTree = "<group>"; };
		DC4150D62C786D5A0008FAB3 /* WriteReviewViewController.swift */ = {isa = PBXFileReference; lastKnownFileType = sourcecode.swift; path = WriteReviewViewController.swift; sourceTree = "<group>"; };
		DC4150D82C787D670008FAB3 /* WriteReviewCollectionViewCell.swift */ = {isa = PBXFileReference; lastKnownFileType = sourcecode.swift; path = WriteReviewCollectionViewCell.swift; sourceTree = "<group>"; };
		DC4150DA2C787F800008FAB3 /* WriteReviewViewModel.swift */ = {isa = PBXFileReference; lastKnownFileType = sourcecode.swift; path = WriteReviewViewModel.swift; sourceTree = "<group>"; };
		DC4150DC2C78C56B0008FAB3 /* ProfileModel.swift */ = {isa = PBXFileReference; lastKnownFileType = sourcecode.swift; path = ProfileModel.swift; sourceTree = "<group>"; };
		DC8C21F92C747E31003FE59B /* CategoryViewModel.swift */ = {isa = PBXFileReference; lastKnownFileType = sourcecode.swift; path = CategoryViewModel.swift; sourceTree = "<group>"; };
/* End PBXFileReference section */

/* Begin PBXFrameworksBuildPhase section */
		DC0769542C6C77D30025F939 /* Frameworks */ = {
			isa = PBXFrameworksBuildPhase;
			buildActionMask = 2147483647;
			files = (
				DC0769842C6C7E4B0025F939 /* SnapKit in Frameworks */,
				DC0769812C6C7E400025F939 /* Kingfisher in Frameworks */,
				DC0769892C6C7E6C0025F939 /* RxSwift in Frameworks */,
				DC0769872C6C7E6C0025F939 /* RxCocoa in Frameworks */,
				DC07697E2C6C7E350025F939 /* Alamofire in Frameworks */,
				DC0769C02C6DF6250025F939 /* IQKeyboardManagerSwift in Frameworks */,
			);
			runOnlyForDeploymentPostprocessing = 0;
		};
/* End PBXFrameworksBuildPhase section */

/* Begin PBXGroup section */
		DC07694E2C6C77D30025F939 = {
			isa = PBXGroup;
			children = (
				DC07698F2C6C832C0025F939 /* .gitignore */,
				DC0769592C6C77D30025F939 /* Here_come */,
				DC0769582C6C77D30025F939 /* Products */,
			);
			sourceTree = "<group>";
		};
		DC0769582C6C77D30025F939 /* Products */ = {
			isa = PBXGroup;
			children = (
				DC0769572C6C77D30025F939 /* Here_come.app */,
			);
			name = Products;
			sourceTree = "<group>";
		};
		DC0769592C6C77D30025F939 /* Here_come */ = {
			isa = PBXGroup;
			children = (
				DC07695A2C6C77D30025F939 /* AppDelegate.swift */,
				DC07695C2C6C77D30025F939 /* SceneDelegate.swift */,
				DC07695E2C6C77D30025F939 /* ViewController.swift */,
				DC0769602C6C77D30025F939 /* Main.storyboard */,
				DC0769632C6C77D50025F939 /* Assets.xcassets */,
				DC0769652C6C77D50025F939 /* LaunchScreen.storyboard */,
				DC0769682C6C77D50025F939 /* Info.plist */,
				DC07698C2C6C82B30025F939 /* Stuff */,
				DC0769722C6C788E0025F939 /* Extension */,
				DC0769712C6C78810025F939 /* Singleton */,
				DC0769702C6C78790025F939 /* Database */,
				DC07696F2C6C786E0025F939 /* Network */,
				DC0769952C6C89DD0025F939 /* RequestModel */,
				DC0769982C6C8A3C0025F939 /* ResponseModel */,
				DC07696E2C6C78210025F939 /* Base */,
				DC0769792C6C7C920025F939 /* Login */,
				DC0769A52C6CD1D90025F939 /* Tab */,
				DC0769A82C6CD2280025F939 /* First */,
				DC0769A92C6CD23A0025F939 /* Second */,
				DC0769AA2C6CD2400025F939 /* Third */,
				DC0769AB2C6CD2480025F939 /* Fourth */,
				DC0769CD2C6F4EE50025F939 /* Search */,
				DC0769DA2C70AE830025F939 /* WriteBoard */,
				DC4150D52C786BD90008FAB3 /* WriteReview */,
				DC15FCE92C7368CD0049FEB5 /* Category */,
				DC1143A52C75D95C00CEB325 /* Detail */,
			);
			path = Here_come;
			sourceTree = "<group>";
		};
		DC07696E2C6C78210025F939 /* Base */ = {
			isa = PBXGroup;
			children = (
				DC0769732C6C78D10025F939 /* BaseViewController.swift */,
				DC0769752C6C79280025F939 /* BaseTableViewCell.swift */,
				DC0769772C6C79AC0025F939 /* BaseCollectionViewCell.swift */,
			);
			path = Base;
			sourceTree = "<group>";
		};
		DC07696F2C6C786E0025F939 /* Network */ = {
			isa = PBXGroup;
			children = (
				DC0769912C6C83650025F939 /* APIKey.swift */,
				DC0769932C6C84280025F939 /* NetworkManager.swift */,
				DC07699B2C6C8BA00025F939 /* Router.swift */,
				DC07699F2C6C99610025F939 /* Header.swift */,
				DC07699D2C6C8C4D0025F939 /* TargetType.swift */,
			);
			path = Network;
			sourceTree = "<group>";
		};
		DC0769702C6C78790025F939 /* Database */ = {
			isa = PBXGroup;
			children = (
				DC0769B62C6CD7720025F939 /* Accomodations.swift */,
				DC0769D62C6F73140025F939 /* Party.swift */,
			);
			path = Database;
			sourceTree = "<group>";
		};
		DC0769712C6C78810025F939 /* Singleton */ = {
			isa = PBXGroup;
			children = (
				DC15FCE72C735B3A0049FEB5 /* KingfisherManager.swift */,
			);
			path = Singleton;
			sourceTree = "<group>";
		};
		DC0769722C6C788E0025F939 /* Extension */ = {
			isa = PBXGroup;
			children = (
				DC07698A2C6C815E0025F939 /* UITextField+Extension.swift */,
				DC0769B42C6CD4800025F939 /* UIViewController+Extension.swift */,
			);
			path = Extension;
			sourceTree = "<group>";
		};
		DC0769792C6C7C920025F939 /* Login */ = {
			isa = PBXGroup;
			children = (
				DC07697A2C6C7CAD0025F939 /* LoginViewController.swift */,
				DC0769A32C6C9DB00025F939 /* LoginViewModel.swift */,
			);
			path = Login;
			sourceTree = "<group>";
		};
		DC07698C2C6C82B30025F939 /* Stuff */ = {
			isa = PBXGroup;
			children = (
				DC0769A12C6C9A6E0025F939 /* UserDefaultsManager.swift */,
				DC0769C32C6E10D60025F939 /* ReusableProtocol.swift */,
			);
			path = Stuff;
			sourceTree = "<group>";
		};
		DC0769952C6C89DD0025F939 /* RequestModel */ = {
			isa = PBXGroup;
			children = (
				DC0769962C6C89F00025F939 /* LoginQuery.swift */,
				DC15FCDD2C731E3C0049FEB5 /* PostQuery.swift */,
				DC4150CC2C771D1C0008FAB3 /* CommentQuery.swift */,
			);
			path = RequestModel;
			sourceTree = "<group>";
		};
		DC0769982C6C8A3C0025F939 /* ResponseModel */ = {
			isa = PBXGroup;
			children = (
				DC0769992C6C8A580025F939 /* LoginModel.swift */,
				DC0769E32C71DF730025F939 /* FilesModel.swift */,
				DC15FCDB2C730F7E0049FEB5 /* PostModel.swift */,
				DC15FCDF2C7329450049FEB5 /* ReadPostModel.swift */,
				DC4150CE2C775C360008FAB3 /* CommentModel.swift */,
				DC4150DC2C78C56B0008FAB3 /* ProfileModel.swift */,
			);
			path = ResponseModel;
			sourceTree = "<group>";
		};
		DC0769A52C6CD1D90025F939 /* Tab */ = {
			isa = PBXGroup;
			children = (
				DC0769A62C6CD1FC0025F939 /* TabBarViewController.swift */,
			);
			path = Tab;
			sourceTree = "<group>";
		};
		DC0769A82C6CD2280025F939 /* First */ = {
			isa = PBXGroup;
			children = (
				DC0769AC2C6CD2B60025F939 /* AccomodationViewController.swift */,
				DC0769C12C6E10840025F939 /* AccomodationTableViewCell.swift */,
				DC0769C72C6E5E740025F939 /* ImageCollectionViewCell.swift */,
				DC0769C52C6E13E40025F939 /* AccomodationViewModel.swift */,
			);
			path = First;
			sourceTree = "<group>";
		};
		DC0769A92C6CD23A0025F939 /* Second */ = {
			isa = PBXGroup;
			children = (
				DC0769AE2C6CD3460025F939 /* SociallingViewController.swift */,
				DC0769D82C709CDF0025F939 /* SociallingCollectionViewCell.swift */,
				DC0769D02C6F51470025F939 /* SociallingTableViewCell.swift */,
				DC0769D42C6F72500025F939 /* SociallingViewModel.swift */,
			);
			path = Second;
			sourceTree = "<group>";
		};
		DC0769AA2C6CD2400025F939 /* Third */ = {
			isa = PBXGroup;
			children = (
				DC0769B02C6CD3880025F939 /* FreeBoardViewController.swift */,
			);
			path = Third;
			sourceTree = "<group>";
		};
		DC0769AB2C6CD2480025F939 /* Fourth */ = {
			isa = PBXGroup;
			children = (
				DC0769B22C6CD3A30025F939 /* ProfileManageViewController.swift */,
				DC0769E12C71C61B0025F939 /* SettingTableViewCell.swift */,
			);
			path = Fourth;
			sourceTree = "<group>";
		};
		DC0769CD2C6F4EE50025F939 /* Search */ = {
			isa = PBXGroup;
			children = (
				DC0769CE2C6F4F020025F939 /* SearchViewController.swift */,
				DC0769C92C6F2E3D0025F939 /* RecentTextCollectionViewCell.swift */,
				DC0769CB2C6F43600025F939 /* RecommendCollectionViewCell.swift */,
			);
			path = Search;
			sourceTree = "<group>";
		};
		DC0769DA2C70AE830025F939 /* WriteBoard */ = {
			isa = PBXGroup;
			children = (
				DC0769DB2C70AE940025F939 /* WriteViewController.swift */,
				DC0769DF2C71A8250025F939 /* PhotoCollectionViewCell.swift */,
				DC0769DD2C70F6A10025F939 /* WriteViewModel.swift */,
			);
			path = WriteBoard;
			sourceTree = "<group>";
		};
		DC1143A52C75D95C00CEB325 /* Detail */ = {
			isa = PBXGroup;
			children = (
				DC1143A62C75D96E00CEB325 /* DetailViewController.swift */,
				DC1143A82C75E24A00CEB325 /* DetailCollectionViewCell.swift */,
				DC2E073E2C7637F9007589E9 /* DetailViewModel.swift */,
				DC2E07402C763B1D007589E9 /* CommentTableViewCell.swift */,
			);
			path = Detail;
			sourceTree = "<group>";
		};
		DC15FCE92C7368CD0049FEB5 /* Category */ = {
			isa = PBXGroup;
			children = (
				DC15FCEC2C736A3B0049FEB5 /* CategoryViewController.swift */,
				DC15FCEE2C7371CB0049FEB5 /* CategoryTableViewCell.swift */,
				DC15FCF02C7371D50049FEB5 /* CategoryCollectionViewCell.swift */,
				DC8C21F92C747E31003FE59B /* CategoryViewModel.swift */,
			);
			path = Category;
			sourceTree = "<group>";
		};
		DC4150D52C786BD90008FAB3 /* WriteReview */ = {
			isa = PBXGroup;
			children = (
				DC4150D62C786D5A0008FAB3 /* WriteReviewViewController.swift */,
				DC4150D82C787D670008FAB3 /* WriteReviewCollectionViewCell.swift */,
				DC4150DA2C787F800008FAB3 /* WriteReviewViewModel.swift */,
			);
			path = WriteReview;
			sourceTree = "<group>";
		};
/* End PBXGroup section */

/* Begin PBXNativeTarget section */
		DC0769562C6C77D30025F939 /* Here_come */ = {
			isa = PBXNativeTarget;
			buildConfigurationList = DC07696B2C6C77D50025F939 /* Build configuration list for PBXNativeTarget "Here_come" */;
			buildPhases = (
				DC0769532C6C77D30025F939 /* Sources */,
				DC0769542C6C77D30025F939 /* Frameworks */,
				DC0769552C6C77D30025F939 /* Resources */,
			);
			buildRules = (
			);
			dependencies = (
			);
			name = Here_come;
			packageProductDependencies = (
				DC07697D2C6C7E350025F939 /* Alamofire */,
				DC0769802C6C7E400025F939 /* Kingfisher */,
				DC0769832C6C7E4B0025F939 /* SnapKit */,
				DC0769862C6C7E6C0025F939 /* RxCocoa */,
				DC0769882C6C7E6C0025F939 /* RxSwift */,
				DC0769BF2C6DF6250025F939 /* IQKeyboardManagerSwift */,
			);
			productName = Here_come;
			productReference = DC0769572C6C77D30025F939 /* Here_come.app */;
			productType = "com.apple.product-type.application";
		};
/* End PBXNativeTarget section */

/* Begin PBXProject section */
		DC07694F2C6C77D30025F939 /* Project object */ = {
			isa = PBXProject;
			attributes = {
				BuildIndependentTargetsInParallel = 1;
				LastSwiftUpdateCheck = 1500;
				LastUpgradeCheck = 1500;
				TargetAttributes = {
					DC0769562C6C77D30025F939 = {
						CreatedOnToolsVersion = 15.0.1;
					};
				};
			};
			buildConfigurationList = DC0769522C6C77D30025F939 /* Build configuration list for PBXProject "Here_come" */;
			compatibilityVersion = "Xcode 14.0";
			developmentRegion = en;
			hasScannedForEncodings = 0;
			knownRegions = (
				en,
				Base,
			);
			mainGroup = DC07694E2C6C77D30025F939;
			packageReferences = (
				DC07697C2C6C7E350025F939 /* XCRemoteSwiftPackageReference "Alamofire" */,
				DC07697F2C6C7E400025F939 /* XCRemoteSwiftPackageReference "Kingfisher" */,
				DC0769822C6C7E4B0025F939 /* XCRemoteSwiftPackageReference "SnapKit" */,
				DC0769852C6C7E6C0025F939 /* XCRemoteSwiftPackageReference "RxSwift" */,
				DC0769BE2C6DF6250025F939 /* XCRemoteSwiftPackageReference "IQKeyboardManager" */,
			);
			productRefGroup = DC0769582C6C77D30025F939 /* Products */;
			projectDirPath = "";
			projectRoot = "";
			targets = (
				DC0769562C6C77D30025F939 /* Here_come */,
			);
		};
/* End PBXProject section */

/* Begin PBXResourcesBuildPhase section */
		DC0769552C6C77D30025F939 /* Resources */ = {
			isa = PBXResourcesBuildPhase;
			buildActionMask = 2147483647;
			files = (
				DC0769902C6C832C0025F939 /* .gitignore in Resources */,
				DC0769672C6C77D50025F939 /* LaunchScreen.storyboard in Resources */,
				DC0769642C6C77D50025F939 /* Assets.xcassets in Resources */,
				DC0769622C6C77D30025F939 /* Main.storyboard in Resources */,
			);
			runOnlyForDeploymentPostprocessing = 0;
		};
/* End PBXResourcesBuildPhase section */

/* Begin PBXSourcesBuildPhase section */
		DC0769532C6C77D30025F939 /* Sources */ = {
			isa = PBXSourcesBuildPhase;
			buildActionMask = 2147483647;
			files = (
				DC07697B2C6C7CAD0025F939 /* LoginViewController.swift in Sources */,
				DC07699A2C6C8A580025F939 /* LoginModel.swift in Sources */,
				DC0769B72C6CD7720025F939 /* Accomodations.swift in Sources */,
				DC1143A92C75E24A00CEB325 /* DetailCollectionViewCell.swift in Sources */,
				DC07695F2C6C77D30025F939 /* ViewController.swift in Sources */,
				DC15FCF12C7371D50049FEB5 /* CategoryCollectionViewCell.swift in Sources */,
				DC0769B32C6CD3A30025F939 /* ProfileManageViewController.swift in Sources */,
				DC0769C42C6E10D60025F939 /* ReusableProtocol.swift in Sources */,
				DC0769942C6C84280025F939 /* NetworkManager.swift in Sources */,
				DC4150DD2C78C56B0008FAB3 /* ProfileModel.swift in Sources */,
				DC0769C62C6E13E40025F939 /* AccomodationViewModel.swift in Sources */,
				DC0769A72C6CD1FC0025F939 /* TabBarViewController.swift in Sources */,
				DC0769742C6C78D10025F939 /* BaseViewController.swift in Sources */,
				DC0769B52C6CD4800025F939 /* UIViewController+Extension.swift in Sources */,
				DC07695B2C6C77D30025F939 /* AppDelegate.swift in Sources */,
				DC0769AD2C6CD2B60025F939 /* AccomodationViewController.swift in Sources */,
				DC0769A22C6C9A6E0025F939 /* UserDefaultsManager.swift in Sources */,
				DC0769B12C6CD3880025F939 /* FreeBoardViewController.swift in Sources */,
				DC0769DE2C70F6A10025F939 /* WriteViewModel.swift in Sources */,
				DC0769AF2C6CD3460025F939 /* SociallingViewController.swift in Sources */,
				DC0769CA2C6F2E3D0025F939 /* RecentTextCollectionViewCell.swift in Sources */,
				DC07699E2C6C8C4D0025F939 /* TargetType.swift in Sources */,
				DC1143A72C75D96E00CEB325 /* DetailViewController.swift in Sources */,
				DC0769DC2C70AE940025F939 /* WriteViewController.swift in Sources */,
				DC0769CF2C6F4F020025F939 /* SearchViewController.swift in Sources */,
				DC0769E22C71C61B0025F939 /* SettingTableViewCell.swift in Sources */,
				DC0769762C6C79280025F939 /* BaseTableViewCell.swift in Sources */,
				DC07698B2C6C815E0025F939 /* UITextField+Extension.swift in Sources */,
				DC0769E02C71A8260025F939 /* PhotoCollectionViewCell.swift in Sources */,
				DC15FCEF2C7371CB0049FEB5 /* CategoryTableViewCell.swift in Sources */,
				DC15FCED2C736A3B0049FEB5 /* CategoryViewController.swift in Sources */,
				DC8C21FA2C747E31003FE59B /* CategoryViewModel.swift in Sources */,
				DC0769A42C6C9DB00025F939 /* LoginViewModel.swift in Sources */,
				DC0769C82C6E5E740025F939 /* ImageCollectionViewCell.swift in Sources */,
				DC15FCE82C735B3A0049FEB5 /* KingfisherManager.swift in Sources */,
				DC2E073F2C7637F9007589E9 /* DetailViewModel.swift in Sources */,
				DC15FCE02C7329450049FEB5 /* ReadPostModel.swift in Sources */,
				DC07695D2C6C77D30025F939 /* SceneDelegate.swift in Sources */,
				DC4150D72C786D5A0008FAB3 /* WriteReviewViewController.swift in Sources */,
				DC0769D12C6F51470025F939 /* SociallingTableViewCell.swift in Sources */,
				DC0769A02C6C99610025F939 /* Header.swift in Sources */,
				DC0769D92C709CDF0025F939 /* SociallingCollectionViewCell.swift in Sources */,
				DC0769972C6C89F00025F939 /* LoginQuery.swift in Sources */,
				DC15FCDC2C730F7E0049FEB5 /* PostModel.swift in Sources */,
				DC0769922C6C83650025F939 /* APIKey.swift in Sources */,
				DC4150D92C787D670008FAB3 /* WriteReviewCollectionViewCell.swift in Sources */,
				DC4150DB2C787F800008FAB3 /* WriteReviewViewModel.swift in Sources */,
				DC4150CF2C775C360008FAB3 /* CommentModel.swift in Sources */,
				DC15FCDE2C731E3C0049FEB5 /* PostQuery.swift in Sources */,
				DC0769CC2C6F43600025F939 /* RecommendCollectionViewCell.swift in Sources */,
				DC0769782C6C79AC0025F939 /* BaseCollectionViewCell.swift in Sources */,
				DC0769D72C6F73140025F939 /* Party.swift in Sources */,
				DC2E07412C763B1D007589E9 /* CommentTableViewCell.swift in Sources */,
				DC0769D52C6F72500025F939 /* SociallingViewModel.swift in Sources */,
				DC07699C2C6C8BA00025F939 /* Router.swift in Sources */,
				DC0769C22C6E10840025F939 /* AccomodationTableViewCell.swift in Sources */,
				DC0769E42C71DF730025F939 /* FilesModel.swift in Sources */,
				DC4150CD2C771D1C0008FAB3 /* CommentQuery.swift in Sources */,
			);
			runOnlyForDeploymentPostprocessing = 0;
		};
/* End PBXSourcesBuildPhase section */

/* Begin PBXVariantGroup section */
		DC0769602C6C77D30025F939 /* Main.storyboard */ = {
			isa = PBXVariantGroup;
			children = (
				DC0769612C6C77D30025F939 /* Base */,
			);
			name = Main.storyboard;
			sourceTree = "<group>";
		};
		DC0769652C6C77D50025F939 /* LaunchScreen.storyboard */ = {
			isa = PBXVariantGroup;
			children = (
				DC0769662C6C77D50025F939 /* Base */,
			);
			name = LaunchScreen.storyboard;
			sourceTree = "<group>";
		};
/* End PBXVariantGroup section */

/* Begin XCBuildConfiguration section */
		DC0769692C6C77D50025F939 /* Debug */ = {
			isa = XCBuildConfiguration;
			buildSettings = {
				ALWAYS_SEARCH_USER_PATHS = NO;
				ASSETCATALOG_COMPILER_GENERATE_SWIFT_ASSET_SYMBOL_EXTENSIONS = YES;
				CLANG_ANALYZER_NONNULL = YES;
				CLANG_ANALYZER_NUMBER_OBJECT_CONVERSION = YES_AGGRESSIVE;
				CLANG_CXX_LANGUAGE_STANDARD = "gnu++20";
				CLANG_ENABLE_MODULES = YES;
				CLANG_ENABLE_OBJC_ARC = YES;
				CLANG_ENABLE_OBJC_WEAK = YES;
				CLANG_WARN_BLOCK_CAPTURE_AUTORELEASING = YES;
				CLANG_WARN_BOOL_CONVERSION = YES;
				CLANG_WARN_COMMA = YES;
				CLANG_WARN_CONSTANT_CONVERSION = YES;
				CLANG_WARN_DEPRECATED_OBJC_IMPLEMENTATIONS = YES;
				CLANG_WARN_DIRECT_OBJC_ISA_USAGE = YES_ERROR;
				CLANG_WARN_DOCUMENTATION_COMMENTS = YES;
				CLANG_WARN_EMPTY_BODY = YES;
				CLANG_WARN_ENUM_CONVERSION = YES;
				CLANG_WARN_INFINITE_RECURSION = YES;
				CLANG_WARN_INT_CONVERSION = YES;
				CLANG_WARN_NON_LITERAL_NULL_CONVERSION = YES;
				CLANG_WARN_OBJC_IMPLICIT_RETAIN_SELF = YES;
				CLANG_WARN_OBJC_LITERAL_CONVERSION = YES;
				CLANG_WARN_OBJC_ROOT_CLASS = YES_ERROR;
				CLANG_WARN_QUOTED_INCLUDE_IN_FRAMEWORK_HEADER = YES;
				CLANG_WARN_RANGE_LOOP_ANALYSIS = YES;
				CLANG_WARN_STRICT_PROTOTYPES = YES;
				CLANG_WARN_SUSPICIOUS_MOVE = YES;
				CLANG_WARN_UNGUARDED_AVAILABILITY = YES_AGGRESSIVE;
				CLANG_WARN_UNREACHABLE_CODE = YES;
				CLANG_WARN__DUPLICATE_METHOD_MATCH = YES;
				COPY_PHASE_STRIP = NO;
				DEBUG_INFORMATION_FORMAT = dwarf;
				ENABLE_STRICT_OBJC_MSGSEND = YES;
				ENABLE_TESTABILITY = YES;
				ENABLE_USER_SCRIPT_SANDBOXING = YES;
				GCC_C_LANGUAGE_STANDARD = gnu17;
				GCC_DYNAMIC_NO_PIC = NO;
				GCC_NO_COMMON_BLOCKS = YES;
				GCC_OPTIMIZATION_LEVEL = 0;
				GCC_PREPROCESSOR_DEFINITIONS = (
					"DEBUG=1",
					"$(inherited)",
				);
				GCC_WARN_64_TO_32_BIT_CONVERSION = YES;
				GCC_WARN_ABOUT_RETURN_TYPE = YES_ERROR;
				GCC_WARN_UNDECLARED_SELECTOR = YES;
				GCC_WARN_UNINITIALIZED_AUTOS = YES_AGGRESSIVE;
				GCC_WARN_UNUSED_FUNCTION = YES;
				GCC_WARN_UNUSED_VARIABLE = YES;
				IPHONEOS_DEPLOYMENT_TARGET = 17.0;
				LOCALIZATION_PREFERS_STRING_CATALOGS = YES;
				MTL_ENABLE_DEBUG_INFO = INCLUDE_SOURCE;
				MTL_FAST_MATH = YES;
				ONLY_ACTIVE_ARCH = YES;
				SDKROOT = iphoneos;
				SWIFT_ACTIVE_COMPILATION_CONDITIONS = "DEBUG $(inherited)";
				SWIFT_OPTIMIZATION_LEVEL = "-Onone";
			};
			name = Debug;
		};
		DC07696A2C6C77D50025F939 /* Release */ = {
			isa = XCBuildConfiguration;
			buildSettings = {
				ALWAYS_SEARCH_USER_PATHS = NO;
				ASSETCATALOG_COMPILER_GENERATE_SWIFT_ASSET_SYMBOL_EXTENSIONS = YES;
				CLANG_ANALYZER_NONNULL = YES;
				CLANG_ANALYZER_NUMBER_OBJECT_CONVERSION = YES_AGGRESSIVE;
				CLANG_CXX_LANGUAGE_STANDARD = "gnu++20";
				CLANG_ENABLE_MODULES = YES;
				CLANG_ENABLE_OBJC_ARC = YES;
				CLANG_ENABLE_OBJC_WEAK = YES;
				CLANG_WARN_BLOCK_CAPTURE_AUTORELEASING = YES;
				CLANG_WARN_BOOL_CONVERSION = YES;
				CLANG_WARN_COMMA = YES;
				CLANG_WARN_CONSTANT_CONVERSION = YES;
				CLANG_WARN_DEPRECATED_OBJC_IMPLEMENTATIONS = YES;
				CLANG_WARN_DIRECT_OBJC_ISA_USAGE = YES_ERROR;
				CLANG_WARN_DOCUMENTATION_COMMENTS = YES;
				CLANG_WARN_EMPTY_BODY = YES;
				CLANG_WARN_ENUM_CONVERSION = YES;
				CLANG_WARN_INFINITE_RECURSION = YES;
				CLANG_WARN_INT_CONVERSION = YES;
				CLANG_WARN_NON_LITERAL_NULL_CONVERSION = YES;
				CLANG_WARN_OBJC_IMPLICIT_RETAIN_SELF = YES;
				CLANG_WARN_OBJC_LITERAL_CONVERSION = YES;
				CLANG_WARN_OBJC_ROOT_CLASS = YES_ERROR;
				CLANG_WARN_QUOTED_INCLUDE_IN_FRAMEWORK_HEADER = YES;
				CLANG_WARN_RANGE_LOOP_ANALYSIS = YES;
				CLANG_WARN_STRICT_PROTOTYPES = YES;
				CLANG_WARN_SUSPICIOUS_MOVE = YES;
				CLANG_WARN_UNGUARDED_AVAILABILITY = YES_AGGRESSIVE;
				CLANG_WARN_UNREACHABLE_CODE = YES;
				CLANG_WARN__DUPLICATE_METHOD_MATCH = YES;
				COPY_PHASE_STRIP = NO;
				DEBUG_INFORMATION_FORMAT = "dwarf-with-dsym";
				ENABLE_NS_ASSERTIONS = NO;
				ENABLE_STRICT_OBJC_MSGSEND = YES;
				ENABLE_USER_SCRIPT_SANDBOXING = YES;
				GCC_C_LANGUAGE_STANDARD = gnu17;
				GCC_NO_COMMON_BLOCKS = YES;
				GCC_WARN_64_TO_32_BIT_CONVERSION = YES;
				GCC_WARN_ABOUT_RETURN_TYPE = YES_ERROR;
				GCC_WARN_UNDECLARED_SELECTOR = YES;
				GCC_WARN_UNINITIALIZED_AUTOS = YES_AGGRESSIVE;
				GCC_WARN_UNUSED_FUNCTION = YES;
				GCC_WARN_UNUSED_VARIABLE = YES;
				IPHONEOS_DEPLOYMENT_TARGET = 17.0;
				LOCALIZATION_PREFERS_STRING_CATALOGS = YES;
				MTL_ENABLE_DEBUG_INFO = NO;
				MTL_FAST_MATH = YES;
				SDKROOT = iphoneos;
				SWIFT_COMPILATION_MODE = wholemodule;
				VALIDATE_PRODUCT = YES;
			};
			name = Release;
		};
		DC07696C2C6C77D50025F939 /* Debug */ = {
			isa = XCBuildConfiguration;
			buildSettings = {
				ASSETCATALOG_COMPILER_APPICON_NAME = AppIcon;
				ASSETCATALOG_COMPILER_GLOBAL_ACCENT_COLOR_NAME = AccentColor;
				CODE_SIGN_STYLE = Automatic;
				CURRENT_PROJECT_VERSION = 1;
				DEVELOPMENT_TEAM = VC8Q8WBRQ3;
				GENERATE_INFOPLIST_FILE = YES;
				INFOPLIST_FILE = Here_come/Info.plist;
				INFOPLIST_KEY_UIApplicationSupportsIndirectInputEvents = YES;
				INFOPLIST_KEY_UILaunchStoryboardName = LaunchScreen;
				INFOPLIST_KEY_UIMainStoryboardFile = Main;
				INFOPLIST_KEY_UISupportedInterfaceOrientations = UIInterfaceOrientationPortrait;
				INFOPLIST_KEY_UISupportedInterfaceOrientations_iPad = UIInterfaceOrientationPortrait;
				IPHONEOS_DEPLOYMENT_TARGET = 16.0;
				LD_RUNPATH_SEARCH_PATHS = (
					"$(inherited)",
					"@executable_path/Frameworks",
				);
				MARKETING_VERSION = 1.0;
				PRODUCT_BUNDLE_IDENTIFIER = "srkimdev.Here-come";
				PRODUCT_NAME = "$(TARGET_NAME)";
				SUPPORTED_PLATFORMS = "iphoneos iphonesimulator";
				SUPPORTS_MACCATALYST = NO;
				SUPPORTS_MAC_DESIGNED_FOR_IPHONE_IPAD = NO;
				SWIFT_EMIT_LOC_STRINGS = YES;
				SWIFT_VERSION = 5.0;
				TARGETED_DEVICE_FAMILY = 1;
			};
			name = Debug;
		};
		DC07696D2C6C77D50025F939 /* Release */ = {
			isa = XCBuildConfiguration;
			buildSettings = {
				ASSETCATALOG_COMPILER_APPICON_NAME = AppIcon;
				ASSETCATALOG_COMPILER_GLOBAL_ACCENT_COLOR_NAME = AccentColor;
				CODE_SIGN_STYLE = Automatic;
				CURRENT_PROJECT_VERSION = 1;
				DEVELOPMENT_TEAM = VC8Q8WBRQ3;
				GENERATE_INFOPLIST_FILE = YES;
				INFOPLIST_FILE = Here_come/Info.plist;
				INFOPLIST_KEY_UIApplicationSupportsIndirectInputEvents = YES;
				INFOPLIST_KEY_UILaunchStoryboardName = LaunchScreen;
				INFOPLIST_KEY_UIMainStoryboardFile = Main;
				INFOPLIST_KEY_UISupportedInterfaceOrientations = UIInterfaceOrientationPortrait;
				INFOPLIST_KEY_UISupportedInterfaceOrientations_iPad = UIInterfaceOrientationPortrait;
				IPHONEOS_DEPLOYMENT_TARGET = 16.0;
				LD_RUNPATH_SEARCH_PATHS = (
					"$(inherited)",
					"@executable_path/Frameworks",
				);
				MARKETING_VERSION = 1.0;
				PRODUCT_BUNDLE_IDENTIFIER = "srkimdev.Here-come";
				PRODUCT_NAME = "$(TARGET_NAME)";
				SUPPORTED_PLATFORMS = "iphoneos iphonesimulator";
				SUPPORTS_MACCATALYST = NO;
				SUPPORTS_MAC_DESIGNED_FOR_IPHONE_IPAD = NO;
				SWIFT_EMIT_LOC_STRINGS = YES;
				SWIFT_VERSION = 5.0;
				TARGETED_DEVICE_FAMILY = 1;
			};
			name = Release;
		};
/* End XCBuildConfiguration section */

/* Begin XCConfigurationList section */
		DC0769522C6C77D30025F939 /* Build configuration list for PBXProject "Here_come" */ = {
			isa = XCConfigurationList;
			buildConfigurations = (
				DC0769692C6C77D50025F939 /* Debug */,
				DC07696A2C6C77D50025F939 /* Release */,
			);
			defaultConfigurationIsVisible = 0;
			defaultConfigurationName = Release;
		};
		DC07696B2C6C77D50025F939 /* Build configuration list for PBXNativeTarget "Here_come" */ = {
			isa = XCConfigurationList;
			buildConfigurations = (
				DC07696C2C6C77D50025F939 /* Debug */,
				DC07696D2C6C77D50025F939 /* Release */,
			);
			defaultConfigurationIsVisible = 0;
			defaultConfigurationName = Release;
		};
/* End XCConfigurationList section */

/* Begin XCRemoteSwiftPackageReference section */
		DC07697C2C6C7E350025F939 /* XCRemoteSwiftPackageReference "Alamofire" */ = {
			isa = XCRemoteSwiftPackageReference;
			repositoryURL = "https://github.com/Alamofire/Alamofire.git";
			requirement = {
				kind = upToNextMajorVersion;
				minimumVersion = 5.9.1;
			};
		};
		DC07697F2C6C7E400025F939 /* XCRemoteSwiftPackageReference "Kingfisher" */ = {
			isa = XCRemoteSwiftPackageReference;
			repositoryURL = "https://github.com/onevcat/Kingfisher.git";
			requirement = {
				kind = upToNextMajorVersion;
				minimumVersion = 7.12.0;
			};
		};
		DC0769822C6C7E4B0025F939 /* XCRemoteSwiftPackageReference "SnapKit" */ = {
			isa = XCRemoteSwiftPackageReference;
			repositoryURL = "https://github.com/SnapKit/SnapKit.git";
			requirement = {
				kind = upToNextMajorVersion;
				minimumVersion = 5.7.1;
			};
		};
		DC0769852C6C7E6C0025F939 /* XCRemoteSwiftPackageReference "RxSwift" */ = {
			isa = XCRemoteSwiftPackageReference;
			repositoryURL = "https://github.com/ReactiveX/RxSwift.git";
			requirement = {
				kind = upToNextMajorVersion;
				minimumVersion = 6.7.1;
			};
		};
		DC0769BE2C6DF6250025F939 /* XCRemoteSwiftPackageReference "IQKeyboardManager" */ = {
			isa = XCRemoteSwiftPackageReference;
			repositoryURL = "https://github.com/hackiftekhar/IQKeyboardManager.git";
			requirement = {
				kind = upToNextMajorVersion;
				minimumVersion = 7.1.1;
			};
		};
/* End XCRemoteSwiftPackageReference section */

/* Begin XCSwiftPackageProductDependency section */
		DC07697D2C6C7E350025F939 /* Alamofire */ = {
			isa = XCSwiftPackageProductDependency;
			package = DC07697C2C6C7E350025F939 /* XCRemoteSwiftPackageReference "Alamofire" */;
			productName = Alamofire;
		};
		DC0769802C6C7E400025F939 /* Kingfisher */ = {
			isa = XCSwiftPackageProductDependency;
			package = DC07697F2C6C7E400025F939 /* XCRemoteSwiftPackageReference "Kingfisher" */;
			productName = Kingfisher;
		};
		DC0769832C6C7E4B0025F939 /* SnapKit */ = {
			isa = XCSwiftPackageProductDependency;
			package = DC0769822C6C7E4B0025F939 /* XCRemoteSwiftPackageReference "SnapKit" */;
			productName = SnapKit;
		};
		DC0769862C6C7E6C0025F939 /* RxCocoa */ = {
			isa = XCSwiftPackageProductDependency;
			package = DC0769852C6C7E6C0025F939 /* XCRemoteSwiftPackageReference "RxSwift" */;
			productName = RxCocoa;
		};
		DC0769882C6C7E6C0025F939 /* RxSwift */ = {
			isa = XCSwiftPackageProductDependency;
			package = DC0769852C6C7E6C0025F939 /* XCRemoteSwiftPackageReference "RxSwift" */;
			productName = RxSwift;
		};
		DC0769BF2C6DF6250025F939 /* IQKeyboardManagerSwift */ = {
			isa = XCSwiftPackageProductDependency;
			package = DC0769BE2C6DF6250025F939 /* XCRemoteSwiftPackageReference "IQKeyboardManager" */;
			productName = IQKeyboardManagerSwift;
		};
/* End XCSwiftPackageProductDependency section */
	};
	rootObject = DC07694F2C6C77D30025F939 /* Project object */;
}
